// !$*UTF8*$!
{
	archiveVersion = 1;
	classes = {
	};
	objectVersion = 46;
	objects = {

/* Begin PBXBuildFile section */
		99522B711C58A92A00575D90 /* main.m in Sources */ = {isa = PBXBuildFile; fileRef = 99522B701C58A92A00575D90 /* main.m */; };
		99522B741C58A92A00575D90 /* AppDelegate.m in Sources */ = {isa = PBXBuildFile; fileRef = 99522B731C58A92A00575D90 /* AppDelegate.m */; };
		99522B7C1C58A92A00575D90 /* Assets.xcassets in Resources */ = {isa = PBXBuildFile; fileRef = 99522B7B1C58A92A00575D90 /* Assets.xcassets */; };
		99522B7F1C58A92A00575D90 /* LaunchScreen.storyboard in Resources */ = {isa = PBXBuildFile; fileRef = 99522B7D1C58A92A00575D90 /* LaunchScreen.storyboard */; };
		99522B8C1C58A9B400575D90 /* MainViewController.m in Sources */ = {isa = PBXBuildFile; fileRef = 99522B871C58A9B400575D90 /* MainViewController.m */; };
		99522B8D1C58A9B400575D90 /* NavigationTableViewController.m in Sources */ = {isa = PBXBuildFile; fileRef = 99522B891C58A9B400575D90 /* NavigationTableViewController.m */; };
		99522B8E1C58A9B400575D90 /* NavigationTableViewCell.m in Sources */ = {isa = PBXBuildFile; fileRef = 99522B8B1C58A9B400575D90 /* NavigationTableViewCell.m */; };
		99522B931C58A9C600575D90 /* ModelList.m in Sources */ = {isa = PBXBuildFile; fileRef = 99522B901C58A9C600575D90 /* ModelList.m */; };
		99522B941C58A9C600575D90 /* ModelDetail.m in Sources */ = {isa = PBXBuildFile; fileRef = 99522B921C58A9C600575D90 /* ModelDetail.m */; };
		99522B971C58A9DB00575D90 /* DetailViewController.m in Sources */ = {isa = PBXBuildFile; fileRef = 99522B961C58A9DB00575D90 /* DetailViewController.m */; };
		99522B9D1C58A9E500575D90 /* orange.png in Resources */ = {isa = PBXBuildFile; fileRef = 99522B981C58A9E500575D90 /* orange.png */; };
		99522B9E1C58A9E500575D90 /* banana.png in Resources */ = {isa = PBXBuildFile; fileRef = 99522B991C58A9E500575D90 /* banana.png */; };
		99522B9F1C58A9E500575D90 /* melon.png in Resources */ = {isa = PBXBuildFile; fileRef = 99522B9A1C58A9E500575D90 /* melon.png */; };
		99522BA01C58A9E500575D90 /* lemon.png in Resources */ = {isa = PBXBuildFile; fileRef = 99522B9B1C58A9E500575D90 /* lemon.png */; };
		99522BA11C58A9E500575D90 /* apple.png in Resources */ = {isa = PBXBuildFile; fileRef = 99522B9C1C58A9E500575D90 /* apple.png */; };
		99522BA91C58B42A00575D90 /* MainPageViewController.m in Sources */ = {isa = PBXBuildFile; fileRef = 99522BA81C58B42A00575D90 /* MainPageViewController.m */; };
/* End PBXBuildFile section */

/* Begin PBXFileReference section */
		99522B6C1C58A92A00575D90 /* smartview.app */ = {isa = PBXFileReference; explicitFileType = wrapper.application; includeInIndex = 0; path = smartview.app; sourceTree = BUILT_PRODUCTS_DIR; };
		99522B701C58A92A00575D90 /* main.m */ = {isa = PBXFileReference; lastKnownFileType = sourcecode.c.objc; path = main.m; sourceTree = "<group>"; };
		99522B721C58A92A00575D90 /* AppDelegate.h */ = {isa = PBXFileReference; lastKnownFileType = sourcecode.c.h; path = AppDelegate.h; sourceTree = "<group>"; };
		99522B731C58A92A00575D90 /* AppDelegate.m */ = {isa = PBXFileReference; lastKnownFileType = sourcecode.c.objc; path = AppDelegate.m; sourceTree = "<group>"; };
		99522B7B1C58A92A00575D90 /* Assets.xcassets */ = {isa = PBXFileReference; lastKnownFileType = folder.assetcatalog; path = Assets.xcassets; sourceTree = "<group>"; };
		99522B7E1C58A92A00575D90 /* Base */ = {isa = PBXFileReference; lastKnownFileType = file.storyboard; name = Base; path = Base.lproj/LaunchScreen.storyboard; sourceTree = "<group>"; };
		99522B801C58A92A00575D90 /* Info.plist */ = {isa = PBXFileReference; lastKnownFileType = text.plist.xml; path = Info.plist; sourceTree = "<group>"; };
		99522B861C58A9B400575D90 /* MainViewController.h */ = {isa = PBXFileReference; fileEncoding = 4; lastKnownFileType = sourcecode.c.h; path = MainViewController.h; sourceTree = "<group>"; };
		99522B871C58A9B400575D90 /* MainViewController.m */ = {isa = PBXFileReference; fileEncoding = 4; lastKnownFileType = sourcecode.c.objc; path = MainViewController.m; sourceTree = "<group>"; };
		99522B881C58A9B400575D90 /* NavigationTableViewController.h */ = {isa = PBXFileReference; fileEncoding = 4; lastKnownFileType = sourcecode.c.h; path = NavigationTableViewController.h; sourceTree = "<group>"; };
		99522B891C58A9B400575D90 /* NavigationTableViewController.m */ = {isa = PBXFileReference; fileEncoding = 4; lastKnownFileType = sourcecode.c.objc; path = NavigationTableViewController.m; sourceTree = "<group>"; };
		99522B8A1C58A9B400575D90 /* NavigationTableViewCell.h */ = {isa = PBXFileReference; fileEncoding = 4; lastKnownFileType = sourcecode.c.h; path = NavigationTableViewCell.h; sourceTree = "<group>"; };
		99522B8B1C58A9B400575D90 /* NavigationTableViewCell.m */ = {isa = PBXFileReference; fileEncoding = 4; lastKnownFileType = sourcecode.c.objc; path = NavigationTableViewCell.m; sourceTree = "<group>"; };
		99522B8F1C58A9C600575D90 /* ModelList.h */ = {isa = PBXFileReference; fileEncoding = 4; lastKnownFileType = sourcecode.c.h; path = ModelList.h; sourceTree = "<group>"; };
		99522B901C58A9C600575D90 /* ModelList.m */ = {isa = PBXFileReference; fileEncoding = 4; lastKnownFileType = sourcecode.c.objc; path = ModelList.m; sourceTree = "<group>"; };
		99522B911C58A9C600575D90 /* ModelDetail.h */ = {isa = PBXFileReference; fileEncoding = 4; lastKnownFileType = sourcecode.c.h; path = ModelDetail.h; sourceTree = "<group>"; };
		99522B921C58A9C600575D90 /* ModelDetail.m */ = {isa = PBXFileReference; fileEncoding = 4; lastKnownFileType = sourcecode.c.objc; path = ModelDetail.m; sourceTree = "<group>"; };
		99522B951C58A9DB00575D90 /* DetailViewController.h */ = {isa = PBXFileReference; fileEncoding = 4; lastKnownFileType = sourcecode.c.h; path = DetailViewController.h; sourceTree = "<group>"; };
		99522B961C58A9DB00575D90 /* DetailViewController.m */ = {isa = PBXFileReference; fileEncoding = 4; lastKnownFileType = sourcecode.c.objc; path = DetailViewController.m; sourceTree = "<group>"; };
		99522B981C58A9E500575D90 /* orange.png */ = {isa = PBXFileReference; lastKnownFileType = image.png; path = orange.png; sourceTree = "<group>"; };
		99522B991C58A9E500575D90 /* banana.png */ = {isa = PBXFileReference; lastKnownFileType = image.png; path = banana.png; sourceTree = "<group>"; };
		99522B9A1C58A9E500575D90 /* melon.png */ = {isa = PBXFileReference; lastKnownFileType = image.png; path = melon.png; sourceTree = "<group>"; };
		99522B9B1C58A9E500575D90 /* lemon.png */ = {isa = PBXFileReference; lastKnownFileType = image.png; path = lemon.png; sourceTree = "<group>"; };
		99522B9C1C58A9E500575D90 /* apple.png */ = {isa = PBXFileReference; lastKnownFileType = image.png; path = apple.png; sourceTree = "<group>"; };
		99522BA71C58B42A00575D90 /* MainPageViewController.h */ = {isa = PBXFileReference; fileEncoding = 4; lastKnownFileType = sourcecode.c.h; path = MainPageViewController.h; sourceTree = "<group>"; };
		99522BA81C58B42A00575D90 /* MainPageViewController.m */ = {isa = PBXFileReference; fileEncoding = 4; lastKnownFileType = sourcecode.c.objc; path = MainPageViewController.m; sourceTree = "<group>"; };
/* End PBXFileReference section */

/* Begin PBXFrameworksBuildPhase section */
		99522B691C58A92A00575D90 /* Frameworks */ = {
			isa = PBXFrameworksBuildPhase;
			buildActionMask = 2147483647;
			files = (
			);
			runOnlyForDeploymentPostprocessing = 0;
		};
/* End PBXFrameworksBuildPhase section */

/* Begin PBXGroup section */
		99522B631C58A92A00575D90 = {
			isa = PBXGroup;
			children = (
				99522B6E1C58A92A00575D90 /* smartview */,
				99522B6D1C58A92A00575D90 /* Products */,
			);
			sourceTree = "<group>";
		};
		99522B6D1C58A92A00575D90 /* Products */ = {
			isa = PBXGroup;
			children = (
				99522B6C1C58A92A00575D90 /* smartview.app */,
			);
			name = Products;
			sourceTree = "<group>";
		};
		99522B6E1C58A92A00575D90 /* smartview */ = {
			isa = PBXGroup;
			children = (
				99522BA61C58B3F500575D90 /* PageVireController */,
				99522BA31C58B1FF00575D90 /* Detail */,
				99522BA41C58B21100575D90 /* Model */,
				99522BA51C58B3A600575D90 /* NavigationTable */,
				99522BA21C58B1F200575D90 /* Img */,
				99522B721C58A92A00575D90 /* AppDelegate.h */,
				99522B731C58A92A00575D90 /* AppDelegate.m */,
				99522B861C58A9B400575D90 /* MainViewController.h */,
				99522B871C58A9B400575D90 /* MainViewController.m */,
				99522B7B1C58A92A00575D90 /* Assets.xcassets */,
				99522B7D1C58A92A00575D90 /* LaunchScreen.storyboard */,
				99522B801C58A92A00575D90 /* Info.plist */,
				99522B6F1C58A92A00575D90 /* Supporting Files */,
			);
			path = smartview;
			sourceTree = "<group>";
		};
		99522B6F1C58A92A00575D90 /* Supporting Files */ = {
			isa = PBXGroup;
			children = (
				99522B701C58A92A00575D90 /* main.m */,
			);
			name = "Supporting Files";
			sourceTree = "<group>";
		};
		99522BA21C58B1F200575D90 /* Img */ = {
			isa = PBXGroup;
			children = (
				99522B981C58A9E500575D90 /* orange.png */,
				99522B991C58A9E500575D90 /* banana.png */,
				99522B9A1C58A9E500575D90 /* melon.png */,
				99522B9B1C58A9E500575D90 /* lemon.png */,
				99522B9C1C58A9E500575D90 /* apple.png */,
			);
			name = Img;
			sourceTree = "<group>";
		};
		99522BA31C58B1FF00575D90 /* Detail */ = {
			isa = PBXGroup;
			children = (
				99522B951C58A9DB00575D90 /* DetailViewController.h */,
				99522B961C58A9DB00575D90 /* DetailViewController.m */,
			);
			name = Detail;
			sourceTree = "<group>";
		};
		99522BA41C58B21100575D90 /* Model */ = {
			isa = PBXGroup;
			children = (
				99522B8F1C58A9C600575D90 /* ModelList.h */,
				99522B901C58A9C600575D90 /* ModelList.m */,
				99522B911C58A9C600575D90 /* ModelDetail.h */,
				99522B921C58A9C600575D90 /* ModelDetail.m */,
			);
			name = Model;
			sourceTree = "<group>";
		};
		99522BA51C58B3A600575D90 /* NavigationTable */ = {
			isa = PBXGroup;
			children = (
				99522B881C58A9B400575D90 /* NavigationTableViewController.h */,
				99522B891C58A9B400575D90 /* NavigationTableViewController.m */,
				99522B8A1C58A9B400575D90 /* NavigationTableViewCell.h */,
				99522B8B1C58A9B400575D90 /* NavigationTableViewCell.m */,
			);
			name = NavigationTable;
			sourceTree = "<group>";
		};
		99522BA61C58B3F500575D90 /* PageVireController */ = {
			isa = PBXGroup;
			children = (
				99522BA71C58B42A00575D90 /* MainPageViewController.h */,
				99522BA81C58B42A00575D90 /* MainPageViewController.m */,
			);
			name = PageVireController;
			sourceTree = "<group>";
		};
/* End PBXGroup section */

/* Begin PBXNativeTarget section */
		99522B6B1C58A92A00575D90 /* smartview */ = {
			isa = PBXNativeTarget;
			buildConfigurationList = 99522B831C58A92A00575D90 /* Build configuration list for PBXNativeTarget "smartview" */;
			buildPhases = (
				99522B681C58A92A00575D90 /* Sources */,
				99522B691C58A92A00575D90 /* Frameworks */,
				99522B6A1C58A92A00575D90 /* Resources */,
			);
			buildRules = (
			);
			dependencies = (
			);
			name = smartview;
			productName = smartview;
			productReference = 99522B6C1C58A92A00575D90 /* smartview.app */;
			productType = "com.apple.product-type.application";
		};
/* End PBXNativeTarget section */

/* Begin PBXProject section */
		99522B641C58A92A00575D90 /* Project object */ = {
			isa = PBXProject;
			attributes = {
				LastUpgradeCheck = 0710;
				ORGANIZATIONNAME = "shino-g";
				TargetAttributes = {
					99522B6B1C58A92A00575D90 = {
						CreatedOnToolsVersion = 7.1.1;
					};
				};
			};
			buildConfigurationList = 99522B671C58A92A00575D90 /* Build configuration list for PBXProject "smartview" */;
			compatibilityVersion = "Xcode 3.2";
			developmentRegion = English;
			hasScannedForEncodings = 0;
			knownRegions = (
				en,
				Base,
			);
			mainGroup = 99522B631C58A92A00575D90;
			productRefGroup = 99522B6D1C58A92A00575D90 /* Products */;
			projectDirPath = "";
			projectRoot = "";
			targets = (
				99522B6B1C58A92A00575D90 /* smartview */,
			);
		};
/* End PBXProject section */

/* Begin PBXResourcesBuildPhase section */
		99522B6A1C58A92A00575D90 /* Resources */ = {
			isa = PBXResourcesBuildPhase;
			buildActionMask = 2147483647;
			files = (
				99522B7F1C58A92A00575D90 /* LaunchScreen.storyboard in Resources */,
				99522B9D1C58A9E500575D90 /* orange.png in Resources */,
				99522B7C1C58A92A00575D90 /* Assets.xcassets in Resources */,
				99522B9F1C58A9E500575D90 /* melon.png in Resources */,
				99522BA01C58A9E500575D90 /* lemon.png in Resources */,
				99522BA11C58A9E500575D90 /* apple.png in Resources */,
				99522B9E1C58A9E500575D90 /* banana.png in Resources */,
			);
			runOnlyForDeploymentPostprocessing = 0;
		};
/* End PBXResourcesBuildPhase section */

/* Begin PBXSourcesBuildPhase section */
		99522B681C58A92A00575D90 /* Sources */ = {
			isa = PBXSourcesBuildPhase;
			buildActionMask = 2147483647;
			files = (
				99522B8E1C58A9B400575D90 /* NavigationTableViewCell.m in Sources */,
				99522B971C58A9DB00575D90 /* DetailViewController.m in Sources */,
				99522B931C58A9C600575D90 /* ModelList.m in Sources */,
				99522B741C58A92A00575D90 /* AppDelegate.m in Sources */,
				99522B941C58A9C600575D90 /* ModelDetail.m in Sources */,
				99522BA91C58B42A00575D90 /* MainPageViewController.m in Sources */,
				99522B711C58A92A00575D90 /* main.m in Sources */,
				99522B8D1C58A9B400575D90 /* NavigationTableViewController.m in Sources */,
				99522B8C1C58A9B400575D90 /* MainViewController.m in Sources */,
			);
			runOnlyForDeploymentPostprocessing = 0;
		};
/* End PBXSourcesBuildPhase section */

/* Begin PBXVariantGroup section */
		99522B7D1C58A92A00575D90 /* LaunchScreen.storyboard */ = {
			isa = PBXVariantGroup;
			children = (
				99522B7E1C58A92A00575D90 /* Base */,
			);
			name = LaunchScreen.storyboard;
			sourceTree = "<group>";
		};
/* End PBXVariantGroup section */

/* Begin XCBuildConfiguration section */
		99522B811C58A92A00575D90 /* Debug */ = {
			isa = XCBuildConfiguration;
			buildSettings = {
				ALWAYS_SEARCH_USER_PATHS = NO;
				CLANG_CXX_LANGUAGE_STANDARD = "gnu++0x";
				CLANG_CXX_LIBRARY = "libc++";
				CLANG_ENABLE_MODULES = YES;
				CLANG_ENABLE_OBJC_ARC = YES;
				CLANG_WARN_BOOL_CONVERSION = YES;
				CLANG_WARN_CONSTANT_CONVERSION = YES;
				CLANG_WARN_DIRECT_OBJC_ISA_USAGE = YES_ERROR;
				CLANG_WARN_EMPTY_BODY = YES;
				CLANG_WARN_ENUM_CONVERSION = YES;
				CLANG_WARN_INT_CONVERSION = YES;
				CLANG_WARN_OBJC_ROOT_CLASS = YES_ERROR;
				CLANG_WARN_UNREACHABLE_CODE = YES;
				CLANG_WARN__DUPLICATE_METHOD_MATCH = YES;
				"CODE_SIGN_IDENTITY[sdk=iphoneos*]" = "iPhone Developer";
				COPY_PHASE_STRIP = NO;
				DEBUG_INFORMATION_FORMAT = dwarf;
				ENABLE_STRICT_OBJC_MSGSEND = YES;
				ENABLE_TESTABILITY = YES;
				GCC_C_LANGUAGE_STANDARD = gnu99;
				GCC_DYNAMIC_NO_PIC = NO;
				GCC_NO_COMMON_BLOCKS = YES;
				GCC_OPTIMIZATION_LEVEL = 0;
				GCC_PREPROCESSOR_DEFINITIONS = (
					"DEBUG=1",
					"$(inherited)",
				);
				GCC_WARN_64_TO_32_BIT_CONVERSION = YES;
				GCC_WARN_ABOUT_RETURN_TYPE = YES_ERROR;
				GCC_WARN_UNDECLARED_SELECTOR = YES;
				GCC_WARN_UNINITIALIZED_AUTOS = YES_AGGRESSIVE;
				GCC_WARN_UNUSED_FUNCTION = YES;
				GCC_WARN_UNUSED_VARIABLE = YES;
				IPHONEOS_DEPLOYMENT_TARGET = 9.1;
				MTL_ENABLE_DEBUG_INFO = YES;
				ONLY_ACTIVE_ARCH = YES;
				SDKROOT = iphoneos;
				TARGETED_DEVICE_FAMILY = "1,2";
			};
			name = Debug;
		};
		99522B821C58A92A00575D90 /* Release */ = {
			isa = XCBuildConfiguration;
			buildSettings = {
				ALWAYS_SEARCH_USER_PATHS = NO;
				CLANG_CXX_LANGUAGE_STANDARD = "gnu++0x";
				CLANG_CXX_LIBRARY = "libc++";
				CLANG_ENABLE_MODULES = YES;
				CLANG_ENABLE_OBJC_ARC = YES;
				CLANG_WARN_BOOL_CONVERSION = YES;
				CLANG_WARN_CONSTANT_CONVERSION = YES;
				CLANG_WARN_DIRECT_OBJC_ISA_USAGE = YES_ERROR;
				CLANG_WARN_EMPTY_BODY = YES;
				CLANG_WARN_ENUM_CONVERSION = YES;
				CLANG_WARN_INT_CONVERSION = YES;
				CLANG_WARN_OBJC_ROOT_CLASS = YES_ERROR;
				CLANG_WARN_UNREACHABLE_CODE = YES;
				CLANG_WARN__DUPLICATE_METHOD_MATCH = YES;
				"CODE_SIGN_IDENTITY[sdk=iphoneos*]" = "iPhone Developer";
				COPY_PHASE_STRIP = NO;
				DEBUG_INFORMATION_FORMAT = "dwarf-with-dsym";
				ENABLE_NS_ASSERTIONS = NO;
				ENABLE_STRICT_OBJC_MSGSEND = YES;
				GCC_C_LANGUAGE_STANDARD = gnu99;
				GCC_NO_COMMON_BLOCKS = YES;
				GCC_WARN_64_TO_32_BIT_CONVERSION = YES;
				GCC_WARN_ABOUT_RETURN_TYPE = YES_ERROR;
				GCC_WARN_UNDECLARED_SELECTOR = YES;
				GCC_WARN_UNINITIALIZED_AUTOS = YES_AGGRESSIVE;
				GCC_WARN_UNUSED_FUNCTION = YES;
				GCC_WARN_UNUSED_VARIABLE = YES;
				IPHONEOS_DEPLOYMENT_TARGET = 9.1;
				MTL_ENABLE_DEBUG_INFO = NO;
				SDKROOT = iphoneos;
				TARGETED_DEVICE_FAMILY = "1,2";
				VALIDATE_PRODUCT = YES;
			};
			name = Release;
		};
		99522B841C58A92A00575D90 /* Debug */ = {
			isa = XCBuildConfiguration;
			buildSettings = {
				ASSETCATALOG_COMPILER_APPICON_NAME = AppIcon;
				INFOPLIST_FILE = smartview/Info.plist;
				IPHONEOS_DEPLOYMENT_TARGET = 9.0;
				LD_RUNPATH_SEARCH_PATHS = "$(inherited) @executable_path/Frameworks";
				PRODUCT_BUNDLE_IDENTIFIER = "jp.co.shino-g.smartview";
				PRODUCT_NAME = "$(TARGET_NAME)";
			};
			name = Debug;
		};
		99522B851C58A92A00575D90 /* Release */ = {
			isa = XCBuildConfiguration;
			buildSettings = {
				ASSETCATALOG_COMPILER_APPICON_NAME = AppIcon;
				INFOPLIST_FILE = smartview/Info.plist;
				IPHONEOS_DEPLOYMENT_TARGET = 9.0;
				LD_RUNPATH_SEARCH_PATHS = "$(inherited) @executable_path/Frameworks";
				PRODUCT_BUNDLE_IDENTIFIER = "jp.co.shino-g.smartview";
				PRODUCT_NAME = "$(TARGET_NAME)";
			};
			name = Release;
		};
/* End XCBuildConfiguration section */

/* Begin XCConfigurationList section */
		99522B671C58A92A00575D90 /* Build configuration list for PBXProject "smartview" */ = {
			isa = XCConfigurationList;
			buildConfigurations = (
				99522B811C58A92A00575D90 /* Debug */,
				99522B821C58A92A00575D90 /* Release */,
			);
			defaultConfigurationIsVisible = 0;
			defaultConfigurationName = Release;
		};
		99522B831C58A92A00575D90 /* Build configuration list for PBXNativeTarget "smartview" */ = {
			isa = XCConfigurationList;
			buildConfigurations = (
				99522B841C58A92A00575D90 /* Debug */,
				99522B851C58A92A00575D90 /* Release */,
			);
			defaultConfigurationIsVisible = 0;
			defaultConfigurationName = Release;
		};
/* End XCConfigurationList section */
	};
	rootObject = 99522B641C58A92A00575D90 /* Project object */;
}
